
Microsoft Visual Studio Solution File, Format Version 12.00
Project("{FAE04EC0-301F-11D3-BF4B-00C04F79EFBC}") = "1. Two Sum", "1. Two Sum\1. Two Sum.csproj", "{336BAF00-B33B-4352-9F80-15FCB98AA438}"
EndProject
Project("{FAE04EC0-301F-11D3-BF4B-00C04F79EFBC}") = "TwoSumBestSolution", "TwoSumBestSolution\TwoSumBestSolution.csproj", "{C02453D4-5513-4929-80B5-A80B64900AC8}"
EndProject
Global
	GlobalSection(SolutionConfigurationPlatforms) = preSolution
		Debug|Any CPU = Debug|Any CPU
		Release|Any CPU = Release|Any CPU
	EndGlobalSection
	GlobalSection(ProjectConfigurationPlatforms) = postSolution
		{336BAF00-B33B-4352-9F80-15FCB98AA438}.Debug|Any CPU.ActiveCfg = Debug|Any CPU
		{336BAF00-B33B-4352-9F80-15FCB98AA438}.Debug|Any CPU.Build.0 = Debug|Any CPU
		{336BAF00-B33B-4352-9F80-15FCB98AA438}.Release|Any CPU.ActiveCfg = Release|Any CPU
		{336BAF00-B33B-4352-9F80-15FCB98AA438}.Release|Any CPU.Build.0 = Release|Any CPU
		{C02453D4-5513-4929-80B5-A80B64900AC8}.Debug|Any CPU.ActiveCfg = Debug|Any CPU
		{C02453D4-5513-4929-80B5-A80B64900AC8}.Debug|Any CPU.Build.0 = Debug|Any CPU
		{C02453D4-5513-4929-80B5-A80B64900AC8}.Release|Any CPU.ActiveCfg = Release|Any CPU
		{C02453D4-5513-4929-80B5-A80B64900AC8}.Release|Any CPU.Build.0 = Release|Any CPU
	EndGlobalSection
EndGlobal
