
Microsoft Visual Studio Solution File, Format Version 12.00
# Visual Studio Version 17
VisualStudioVersion = 17.11.35327.3
MinimumVisualStudioVersion = 10.0.40219.1
Project("{8BC9CEB8-8B4A-11D0-8D11-00A0C91BC942}") = "Longest Common Prefix", "Longest Common Prefix\Longest Common Prefix.vcxproj", "{E1F14116-918F-4B56-9CC0-86F597260C0D}"
EndProject
Global
	GlobalSection(SolutionConfigurationPlatforms) = preSolution
		Debug|x64 = Debug|x64
		Debug|x86 = Debug|x86
		Release|x64 = Release|x64
		Release|x86 = Release|x86
	EndGlobalSection
	GlobalSection(ProjectConfigurationPlatforms) = postSolution
		{E1F14116-918F-4B56-9CC0-86F597260C0D}.Debug|x64.ActiveCfg = Debug|x64
		{E1F14116-918F-4B56-9CC0-86F597260C0D}.Debug|x64.Build.0 = Debug|x64
		{E1F14116-918F-4B56-9CC0-86F597260C0D}.Debug|x86.ActiveCfg = Debug|Win32
		{E1F14116-918F-4B56-9CC0-86F597260C0D}.Debug|x86.Build.0 = Debug|Win32
		{E1F14116-918F-4B56-9CC0-86F597260C0D}.Release|x64.ActiveCfg = Release|x64
		{E1F14116-918F-4B56-9CC0-86F597260C0D}.Release|x64.Build.0 = Release|x64
		{E1F14116-918F-4B56-9CC0-86F597260C0D}.Release|x86.ActiveCfg = Release|Win32
		{E1F14116-918F-4B56-9CC0-86F597260C0D}.Release|x86.Build.0 = Release|Win32
	EndGlobalSection
	GlobalSection(SolutionProperties) = preSolution
		HideSolutionNode = FALSE
	EndGlobalSection
	GlobalSection(ExtensibilityGlobals) = postSolution
		SolutionGuid = {CCCAE578-203E-4BCC-9A95-C5FA7ADEC99C}
	EndGlobalSection
EndGlobal
