
Microsoft Visual Studio Solution File, Format Version 12.00
Project("{FAE04EC0-301F-11D3-BF4B-00C04F79EFBC}") = "Missing_Number", "Missing_Number\Missing_Number.csproj", "{04110ADD-8718-4200-9D37-45B3F95F4EDE}"
EndProject
Global
	GlobalSection(SolutionConfigurationPlatforms) = preSolution
		Debug|Any CPU = Debug|Any CPU
		Release|Any CPU = Release|Any CPU
	EndGlobalSection
	GlobalSection(ProjectConfigurationPlatforms) = postSolution
		{04110ADD-8718-4200-9D37-45B3F95F4EDE}.Debug|Any CPU.ActiveCfg = Debug|Any CPU
		{04110ADD-8718-4200-9D37-45B3F95F4EDE}.Debug|Any CPU.Build.0 = Debug|Any CPU
		{04110ADD-8718-4200-9D37-45B3F95F4EDE}.Release|Any CPU.ActiveCfg = Release|Any CPU
		{04110ADD-8718-4200-9D37-45B3F95F4EDE}.Release|Any CPU.Build.0 = Release|Any CPU
	EndGlobalSection
EndGlobal
