
Microsoft Visual Studio Solution File, Format Version 12.00
Project("{FAE04EC0-301F-11D3-BF4B-00C04F79EFBC}") = "PlusOne", "PlusOne\PlusOne.csproj", "{9EEC66DD-D81B-4038-9D75-B6C0E8C85B63}"
EndProject
Global
	GlobalSection(SolutionConfigurationPlatforms) = preSolution
		Debug|Any CPU = Debug|Any CPU
		Release|Any CPU = Release|Any CPU
	EndGlobalSection
	GlobalSection(ProjectConfigurationPlatforms) = postSolution
		{9EEC66DD-D81B-4038-9D75-B6C0E8C85B63}.Debug|Any CPU.ActiveCfg = Debug|Any CPU
		{9EEC66DD-D81B-4038-9D75-B6C0E8C85B63}.Debug|Any CPU.Build.0 = Debug|Any CPU
		{9EEC66DD-D81B-4038-9D75-B6C0E8C85B63}.Release|Any CPU.ActiveCfg = Release|Any CPU
		{9EEC66DD-D81B-4038-9D75-B6C0E8C85B63}.Release|Any CPU.Build.0 = Release|Any CPU
	EndGlobalSection
EndGlobal
