
Microsoft Visual Studio Solution File, Format Version 12.00
Project("{FAE04EC0-301F-11D3-BF4B-00C04F79EFBC}") = "Add_Digits", "Add_Digits\Add_Digits.csproj", "{59E6BC47-9398-40FA-9E09-B489EAFAF068}"
EndProject
Global
	GlobalSection(SolutionConfigurationPlatforms) = preSolution
		Debug|Any CPU = Debug|Any CPU
		Release|Any CPU = Release|Any CPU
	EndGlobalSection
	GlobalSection(ProjectConfigurationPlatforms) = postSolution
		{59E6BC47-9398-40FA-9E09-B489EAFAF068}.Debug|Any CPU.ActiveCfg = Debug|Any CPU
		{59E6BC47-9398-40FA-9E09-B489EAFAF068}.Debug|Any CPU.Build.0 = Debug|Any CPU
		{59E6BC47-9398-40FA-9E09-B489EAFAF068}.Release|Any CPU.ActiveCfg = Release|Any CPU
		{59E6BC47-9398-40FA-9E09-B489EAFAF068}.Release|Any CPU.Build.0 = Release|Any CPU
	EndGlobalSection
EndGlobal
