
Microsoft Visual Studio Solution File, Format Version 12.00
Project("{FAE04EC0-301F-11D3-BF4B-00C04F79EFBC}") = "Contains_Duplicate_II", "Contains_Duplicate_II\Contains_Duplicate_II.csproj", "{3D3DCD32-047F-4CA6-BD5A-DC970092CC79}"
EndProject
Global
	GlobalSection(SolutionConfigurationPlatforms) = preSolution
		Debug|Any CPU = Debug|Any CPU
		Release|Any CPU = Release|Any CPU
	EndGlobalSection
	GlobalSection(ProjectConfigurationPlatforms) = postSolution
		{3D3DCD32-047F-4CA6-BD5A-DC970092CC79}.Debug|Any CPU.ActiveCfg = Debug|Any CPU
		{3D3DCD32-047F-4CA6-BD5A-DC970092CC79}.Debug|Any CPU.Build.0 = Debug|Any CPU
		{3D3DCD32-047F-4CA6-BD5A-DC970092CC79}.Release|Any CPU.ActiveCfg = Release|Any CPU
		{3D3DCD32-047F-4CA6-BD5A-DC970092CC79}.Release|Any CPU.Build.0 = Release|Any CPU
	EndGlobalSection
EndGlobal
