
Microsoft Visual Studio Solution File, Format Version 12.00
Project("{FAE04EC0-301F-11D3-BF4B-00C04F79EFBC}") = "Valid_Parentheses", "Valid_Parentheses\Valid_Parentheses.csproj", "{EA11B5E9-82D0-4371-9884-19F02406A730}"
EndProject
Global
	GlobalSection(SolutionConfigurationPlatforms) = preSolution
		Debug|Any CPU = Debug|Any CPU
		Release|Any CPU = Release|Any CPU
	EndGlobalSection
	GlobalSection(ProjectConfigurationPlatforms) = postSolution
		{EA11B5E9-82D0-4371-9884-19F02406A730}.Debug|Any CPU.ActiveCfg = Debug|Any CPU
		{EA11B5E9-82D0-4371-9884-19F02406A730}.Debug|Any CPU.Build.0 = Debug|Any CPU
		{EA11B5E9-82D0-4371-9884-19F02406A730}.Release|Any CPU.ActiveCfg = Release|Any CPU
		{EA11B5E9-82D0-4371-9884-19F02406A730}.Release|Any CPU.Build.0 = Release|Any CPU
	EndGlobalSection
EndGlobal
