
Microsoft Visual Studio Solution File, Format Version 12.00
# Visual Studio Version 18
VisualStudioVersion = 18.4.11626.88 stable
MinimumVisualStudioVersion = 10.0.40219.1
Project("{FAE04EC0-301F-11D3-BF4B-00C04F79EFBC}") = "Palindrome Number", "Palindrome Number.csproj", "{E9A04278-E379-4C5F-8C63-AC55932177A3}"
EndProject
Global
	GlobalSection(SolutionConfigurationPlatforms) = preSolution
		Debug|Any CPU = Debug|Any CPU
		Release|Any CPU = Release|Any CPU
	EndGlobalSection
	GlobalSection(ProjectConfigurationPlatforms) = postSolution
		{E9A04278-E379-4C5F-8C63-AC55932177A3}.Debug|Any CPU.ActiveCfg = Debug|Any CPU
		{E9A04278-E379-4C5F-8C63-AC55932177A3}.Debug|Any CPU.Build.0 = Debug|Any CPU
		{E9A04278-E379-4C5F-8C63-AC55932177A3}.Release|Any CPU.ActiveCfg = Release|Any CPU
		{E9A04278-E379-4C5F-8C63-AC55932177A3}.Release|Any CPU.Build.0 = Release|Any CPU
	EndGlobalSection
	GlobalSection(SolutionProperties) = preSolution
		HideSolutionNode = FALSE
	EndGlobalSection
	GlobalSection(ExtensibilityGlobals) = postSolution
		SolutionGuid = {F9FB2754-5A9F-4B4C-882D-4E771D8600C9}
	EndGlobalSection
EndGlobal
