
Microsoft Visual Studio Solution File, Format Version 12.00
Project("{FAE04EC0-301F-11D3-BF4B-00C04F79EFBC}") = "merge-two-sorted-lists", "merge-two-sorted-lists\merge-two-sorted-lists.csproj", "{513D0E39-D7D7-4365-91AA-115E41D98CA6}"
EndProject
Global
	GlobalSection(SolutionConfigurationPlatforms) = preSolution
		Debug|Any CPU = Debug|Any CPU
		Release|Any CPU = Release|Any CPU
	EndGlobalSection
	GlobalSection(ProjectConfigurationPlatforms) = postSolution
		{513D0E39-D7D7-4365-91AA-115E41D98CA6}.Debug|Any CPU.ActiveCfg = Debug|Any CPU
		{513D0E39-D7D7-4365-91AA-115E41D98CA6}.Debug|Any CPU.Build.0 = Debug|Any CPU
		{513D0E39-D7D7-4365-91AA-115E41D98CA6}.Release|Any CPU.ActiveCfg = Release|Any CPU
		{513D0E39-D7D7-4365-91AA-115E41D98CA6}.Release|Any CPU.Build.0 = Release|Any CPU
	EndGlobalSection
EndGlobal
