
Microsoft Visual Studio Solution File, Format Version 12.00
Project("{FAE04EC0-301F-11D3-BF4B-00C04F79EFBC}") = "Number_of_1_Bits", "Number_of_1_Bits\Number_of_1_Bits.csproj", "{76D97FDC-CE9D-4D78-AAF8-D2C11A3D2A02}"
EndProject
Global
	GlobalSection(SolutionConfigurationPlatforms) = preSolution
		Debug|Any CPU = Debug|Any CPU
		Release|Any CPU = Release|Any CPU
	EndGlobalSection
	GlobalSection(ProjectConfigurationPlatforms) = postSolution
		{76D97FDC-CE9D-4D78-AAF8-D2C11A3D2A02}.Debug|Any CPU.ActiveCfg = Debug|Any CPU
		{76D97FDC-CE9D-4D78-AAF8-D2C11A3D2A02}.Debug|Any CPU.Build.0 = Debug|Any CPU
		{76D97FDC-CE9D-4D78-AAF8-D2C11A3D2A02}.Release|Any CPU.ActiveCfg = Release|Any CPU
		{76D97FDC-CE9D-4D78-AAF8-D2C11A3D2A02}.Release|Any CPU.Build.0 = Release|Any CPU
	EndGlobalSection
EndGlobal
