
Microsoft Visual Studio Solution File, Format Version 12.00
# Visual Studio Version 17
VisualStudioVersion = 17.11.35327.3
MinimumVisualStudioVersion = 10.0.40219.1
Project("{8BC9CEB8-8B4A-11D0-8D11-00A0C91BC942}") = "Plus_One", "Plus_One\Plus_One.vcxproj", "{C29982C7-9ABB-42C4-968A-C6EBF2804192}"
EndProject
Global
	GlobalSection(SolutionConfigurationPlatforms) = preSolution
		Debug|x64 = Debug|x64
		Debug|x86 = Debug|x86
		Release|x64 = Release|x64
		Release|x86 = Release|x86
	EndGlobalSection
	GlobalSection(ProjectConfigurationPlatforms) = postSolution
		{C29982C7-9ABB-42C4-968A-C6EBF2804192}.Debug|x64.ActiveCfg = Debug|x64
		{C29982C7-9ABB-42C4-968A-C6EBF2804192}.Debug|x64.Build.0 = Debug|x64
		{C29982C7-9ABB-42C4-968A-C6EBF2804192}.Debug|x86.ActiveCfg = Debug|Win32
		{C29982C7-9ABB-42C4-968A-C6EBF2804192}.Debug|x86.Build.0 = Debug|Win32
		{C29982C7-9ABB-42C4-968A-C6EBF2804192}.Release|x64.ActiveCfg = Release|x64
		{C29982C7-9ABB-42C4-968A-C6EBF2804192}.Release|x64.Build.0 = Release|x64
		{C29982C7-9ABB-42C4-968A-C6EBF2804192}.Release|x86.ActiveCfg = Release|Win32
		{C29982C7-9ABB-42C4-968A-C6EBF2804192}.Release|x86.Build.0 = Release|Win32
	EndGlobalSection
	GlobalSection(SolutionProperties) = preSolution
		HideSolutionNode = FALSE
	EndGlobalSection
	GlobalSection(ExtensibilityGlobals) = postSolution
		SolutionGuid = {AA82F55F-76A2-4792-9137-E9E84633B1F1}
	EndGlobalSection
EndGlobal
